
Microsoft Visual Studio Solution File, Format Version 12.00
# Visual Studio Version 17
Project("{2150E333-8FDC-42A3-9474-1A3956D46DE8}") = "CMakePredefinedTargets", "CMakePredefinedTargets", "{188FCDBC-1C6C-378D-8E24-9FD87A49CEF2}"
EndProject
Project("{2150E333-8FDC-42A3-9474-1A3956D46DE8}") = "GLFW3", "GLFW3", "{E2EFAC30-AC1C-3860-B51C-12EF66198D92}"
EndProject
Project("{8BC9CEB8-8B4A-11D0-8D11-00A0C91BC942}") = "ALL_BUILD", "ALL_BUILD.vcxproj", "{CBA67B85-68DD-3AA2-82B7-D596DD37D3A1}"
	ProjectSection(ProjectDependencies) = postProject
		{CCD0BE2B-E391-3AB1-BADB-431C2B0D6AFA} = {CCD0BE2B-E391-3AB1-BADB-431C2B0D6AFA}
		{C1B9DBE7-63A5-3C40-85EB-BD9C9DFDB9C6} = {C1B9DBE7-63A5-3C40-85EB-BD9C9DFDB9C6}
		{6CD0F969-9CEB-321F-B323-9FE01C278E86} = {6CD0F969-9CEB-321F-B323-9FE01C278E86}
		{338A48BA-9C08-3EA7-A80B-C9E3BBAB2152} = {338A48BA-9C08-3EA7-A80B-C9E3BBAB2152}
		{EDA3BDC8-828F-302A-A865-CA10A19DDB60} = {EDA3BDC8-828F-302A-A865-CA10A19DDB60}
		{2554CF29-41DA-36AC-B679-A5DDC03CCD95} = {2554CF29-41DA-36AC-B679-A5DDC03CCD95}
	EndProjectSection
EndProject
Project("{8BC9CEB8-8B4A-11D0-8D11-00A0C91BC942}") = "INSTALL", "INSTALL.vcxproj", "{BC9AE43B-A407-3AA8-A73E-951DA25C67DC}"
	ProjectSection(ProjectDependencies) = postProject
		{CBA67B85-68DD-3AA2-82B7-D596DD37D3A1} = {CBA67B85-68DD-3AA2-82B7-D596DD37D3A1}
		{CCD0BE2B-E391-3AB1-BADB-431C2B0D6AFA} = {CCD0BE2B-E391-3AB1-BADB-431C2B0D6AFA}
	EndProjectSection
EndProject
Project("{8BC9CEB8-8B4A-11D0-8D11-00A0C91BC942}") = "PACKAGE", "PACKAGE.vcxproj", "{6EFF8238-0D98-3029-968A-DA82C7150B8E}"
	ProjectSection(ProjectDependencies) = postProject
		{CBA67B85-68DD-3AA2-82B7-D596DD37D3A1} = {CBA67B85-68DD-3AA2-82B7-D596DD37D3A1}
		{CCD0BE2B-E391-3AB1-BADB-431C2B0D6AFA} = {CCD0BE2B-E391-3AB1-BADB-431C2B0D6AFA}
	EndProjectSection
EndProject
Project("{8BC9CEB8-8B4A-11D0-8D11-00A0C91BC942}") = "ZERO_CHECK", "ZERO_CHECK.vcxproj", "{CCD0BE2B-E391-3AB1-BADB-431C2B0D6AFA}"
	ProjectSection(ProjectDependencies) = postProject
	EndProjectSection
EndProject
Project("{8BC9CEB8-8B4A-11D0-8D11-00A0C91BC942}") = "demo", "demo.vcxproj", "{C1B9DBE7-63A5-3C40-85EB-BD9C9DFDB9C6}"
	ProjectSection(ProjectDependencies) = postProject
		{CCD0BE2B-E391-3AB1-BADB-431C2B0D6AFA} = {CCD0BE2B-E391-3AB1-BADB-431C2B0D6AFA}
		{6CD0F969-9CEB-321F-B323-9FE01C278E86} = {6CD0F969-9CEB-321F-B323-9FE01C278E86}
		{338A48BA-9C08-3EA7-A80B-C9E3BBAB2152} = {338A48BA-9C08-3EA7-A80B-C9E3BBAB2152}
		{EDA3BDC8-828F-302A-A865-CA10A19DDB60} = {EDA3BDC8-828F-302A-A865-CA10A19DDB60}
	EndProjectSection
EndProject
Project("{8BC9CEB8-8B4A-11D0-8D11-00A0C91BC942}") = "glfw", "external\raylib\raylib\external\glfw\src\glfw.vcxproj", "{6CD0F969-9CEB-321F-B323-9FE01C278E86}"
	ProjectSection(ProjectDependencies) = postProject
		{CCD0BE2B-E391-3AB1-BADB-431C2B0D6AFA} = {CCD0BE2B-E391-3AB1-BADB-431C2B0D6AFA}
	EndProjectSection
EndProject
Project("{8BC9CEB8-8B4A-11D0-8D11-00A0C91BC942}") = "markup_ui", "markup_ui.vcxproj", "{338A48BA-9C08-3EA7-A80B-C9E3BBAB2152}"
	ProjectSection(ProjectDependencies) = postProject
		{CCD0BE2B-E391-3AB1-BADB-431C2B0D6AFA} = {CCD0BE2B-E391-3AB1-BADB-431C2B0D6AFA}
		{6CD0F969-9CEB-321F-B323-9FE01C278E86} = {6CD0F969-9CEB-321F-B323-9FE01C278E86}
		{EDA3BDC8-828F-302A-A865-CA10A19DDB60} = {EDA3BDC8-828F-302A-A865-CA10A19DDB60}
	EndProjectSection
EndProject
Project("{8BC9CEB8-8B4A-11D0-8D11-00A0C91BC942}") = "raylib", "external\raylib\raylib\raylib.vcxproj", "{EDA3BDC8-828F-302A-A865-CA10A19DDB60}"
	ProjectSection(ProjectDependencies) = postProject
		{CCD0BE2B-E391-3AB1-BADB-431C2B0D6AFA} = {CCD0BE2B-E391-3AB1-BADB-431C2B0D6AFA}
		{6CD0F969-9CEB-321F-B323-9FE01C278E86} = {6CD0F969-9CEB-321F-B323-9FE01C278E86}
	EndProjectSection
EndProject
Project("{8BC9CEB8-8B4A-11D0-8D11-00A0C91BC942}") = "showcase", "showcase.vcxproj", "{2554CF29-41DA-36AC-B679-A5DDC03CCD95}"
	ProjectSection(ProjectDependencies) = postProject
		{CCD0BE2B-E391-3AB1-BADB-431C2B0D6AFA} = {CCD0BE2B-E391-3AB1-BADB-431C2B0D6AFA}
		{6CD0F969-9CEB-321F-B323-9FE01C278E86} = {6CD0F969-9CEB-321F-B323-9FE01C278E86}
		{338A48BA-9C08-3EA7-A80B-C9E3BBAB2152} = {338A48BA-9C08-3EA7-A80B-C9E3BBAB2152}
		{EDA3BDC8-828F-302A-A865-CA10A19DDB60} = {EDA3BDC8-828F-302A-A865-CA10A19DDB60}
	EndProjectSection
EndProject
Project("{8BC9CEB8-8B4A-11D0-8D11-00A0C91BC942}") = "update_mappings", "external\raylib\raylib\external\glfw\src\update_mappings.vcxproj", "{84ADCFFD-6E20-38FC-96A2-666CAEDFD12A}"
	ProjectSection(ProjectDependencies) = postProject
		{CCD0BE2B-E391-3AB1-BADB-431C2B0D6AFA} = {CCD0BE2B-E391-3AB1-BADB-431C2B0D6AFA}
	EndProjectSection
EndProject
Global
	GlobalSection(SolutionConfigurationPlatforms) = preSolution
		Debug|x64 = Debug|x64
		Release|x64 = Release|x64
		MinSizeRel|x64 = MinSizeRel|x64
		RelWithDebInfo|x64 = RelWithDebInfo|x64
	EndGlobalSection
	GlobalSection(ProjectConfigurationPlatforms) = postSolution
		{CBA67B85-68DD-3AA2-82B7-D596DD37D3A1}.Debug|x64.ActiveCfg = Debug|x64
		{CBA67B85-68DD-3AA2-82B7-D596DD37D3A1}.Debug|x64.Build.0 = Debug|x64
		{CBA67B85-68DD-3AA2-82B7-D596DD37D3A1}.Release|x64.ActiveCfg = Release|x64
		{CBA67B85-68DD-3AA2-82B7-D596DD37D3A1}.Release|x64.Build.0 = Release|x64
		{CBA67B85-68DD-3AA2-82B7-D596DD37D3A1}.MinSizeRel|x64.ActiveCfg = MinSizeRel|x64
		{CBA67B85-68DD-3AA2-82B7-D596DD37D3A1}.MinSizeRel|x64.Build.0 = MinSizeRel|x64
		{CBA67B85-68DD-3AA2-82B7-D596DD37D3A1}.RelWithDebInfo|x64.ActiveCfg = RelWithDebInfo|x64
		{CBA67B85-68DD-3AA2-82B7-D596DD37D3A1}.RelWithDebInfo|x64.Build.0 = RelWithDebInfo|x64
		{BC9AE43B-A407-3AA8-A73E-951DA25C67DC}.Debug|x64.ActiveCfg = Debug|x64
		{BC9AE43B-A407-3AA8-A73E-951DA25C67DC}.Release|x64.ActiveCfg = Release|x64
		{BC9AE43B-A407-3AA8-A73E-951DA25C67DC}.MinSizeRel|x64.ActiveCfg = MinSizeRel|x64
		{BC9AE43B-A407-3AA8-A73E-951DA25C67DC}.RelWithDebInfo|x64.ActiveCfg = RelWithDebInfo|x64
		{6EFF8238-0D98-3029-968A-DA82C7150B8E}.Debug|x64.ActiveCfg = Debug|x64
		{6EFF8238-0D98-3029-968A-DA82C7150B8E}.Release|x64.ActiveCfg = Release|x64
		{6EFF8238-0D98-3029-968A-DA82C7150B8E}.MinSizeRel|x64.ActiveCfg = MinSizeRel|x64
		{6EFF8238-0D98-3029-968A-DA82C7150B8E}.RelWithDebInfo|x64.ActiveCfg = RelWithDebInfo|x64
		{CCD0BE2B-E391-3AB1-BADB-431C2B0D6AFA}.Debug|x64.ActiveCfg = Debug|x64
		{CCD0BE2B-E391-3AB1-BADB-431C2B0D6AFA}.Debug|x64.Build.0 = Debug|x64
		{CCD0BE2B-E391-3AB1-BADB-431C2B0D6AFA}.Release|x64.ActiveCfg = Release|x64
		{CCD0BE2B-E391-3AB1-BADB-431C2B0D6AFA}.Release|x64.Build.0 = Release|x64
		{CCD0BE2B-E391-3AB1-BADB-431C2B0D6AFA}.MinSizeRel|x64.ActiveCfg = MinSizeRel|x64
		{CCD0BE2B-E391-3AB1-BADB-431C2B0D6AFA}.MinSizeRel|x64.Build.0 = MinSizeRel|x64
		{CCD0BE2B-E391-3AB1-BADB-431C2B0D6AFA}.RelWithDebInfo|x64.ActiveCfg = RelWithDebInfo|x64
		{CCD0BE2B-E391-3AB1-BADB-431C2B0D6AFA}.RelWithDebInfo|x64.Build.0 = RelWithDebInfo|x64
		{C1B9DBE7-63A5-3C40-85EB-BD9C9DFDB9C6}.Debug|x64.ActiveCfg = Debug|x64
		{C1B9DBE7-63A5-3C40-85EB-BD9C9DFDB9C6}.Debug|x64.Build.0 = Debug|x64
		{C1B9DBE7-63A5-3C40-85EB-BD9C9DFDB9C6}.Release|x64.ActiveCfg = Release|x64
		{C1B9DBE7-63A5-3C40-85EB-BD9C9DFDB9C6}.Release|x64.Build.0 = Release|x64
		{C1B9DBE7-63A5-3C40-85EB-BD9C9DFDB9C6}.MinSizeRel|x64.ActiveCfg = MinSizeRel|x64
		{C1B9DBE7-63A5-3C40-85EB-BD9C9DFDB9C6}.MinSizeRel|x64.Build.0 = MinSizeRel|x64
		{C1B9DBE7-63A5-3C40-85EB-BD9C9DFDB9C6}.RelWithDebInfo|x64.ActiveCfg = RelWithDebInfo|x64
		{C1B9DBE7-63A5-3C40-85EB-BD9C9DFDB9C6}.RelWithDebInfo|x64.Build.0 = RelWithDebInfo|x64
		{6CD0F969-9CEB-321F-B323-9FE01C278E86}.Debug|x64.ActiveCfg = Debug|x64
		{6CD0F969-9CEB-321F-B323-9FE01C278E86}.Debug|x64.Build.0 = Debug|x64
		{6CD0F969-9CEB-321F-B323-9FE01C278E86}.Release|x64.ActiveCfg = Release|x64
		{6CD0F969-9CEB-321F-B323-9FE01C278E86}.Release|x64.Build.0 = Release|x64
		{6CD0F969-9CEB-321F-B323-9FE01C278E86}.MinSizeRel|x64.ActiveCfg = MinSizeRel|x64
		{6CD0F969-9CEB-321F-B323-9FE01C278E86}.MinSizeRel|x64.Build.0 = MinSizeRel|x64
		{6CD0F969-9CEB-321F-B323-9FE01C278E86}.RelWithDebInfo|x64.ActiveCfg = RelWithDebInfo|x64
		{6CD0F969-9CEB-321F-B323-9FE01C278E86}.RelWithDebInfo|x64.Build.0 = RelWithDebInfo|x64
		{338A48BA-9C08-3EA7-A80B-C9E3BBAB2152}.Debug|x64.ActiveCfg = Debug|x64
		{338A48BA-9C08-3EA7-A80B-C9E3BBAB2152}.Debug|x64.Build.0 = Debug|x64
		{338A48BA-9C08-3EA7-A80B-C9E3BBAB2152}.Release|x64.ActiveCfg = Release|x64
		{338A48BA-9C08-3EA7-A80B-C9E3BBAB2152}.Release|x64.Build.0 = Release|x64
		{338A48BA-9C08-3EA7-A80B-C9E3BBAB2152}.MinSizeRel|x64.ActiveCfg = MinSizeRel|x64
		{338A48BA-9C08-3EA7-A80B-C9E3BBAB2152}.MinSizeRel|x64.Build.0 = MinSizeRel|x64
		{338A48BA-9C08-3EA7-A80B-C9E3BBAB2152}.RelWithDebInfo|x64.ActiveCfg = RelWithDebInfo|x64
		{338A48BA-9C08-3EA7-A80B-C9E3BBAB2152}.RelWithDebInfo|x64.Build.0 = RelWithDebInfo|x64
		{EDA3BDC8-828F-302A-A865-CA10A19DDB60}.Debug|x64.ActiveCfg = Debug|x64
		{EDA3BDC8-828F-302A-A865-CA10A19DDB60}.Debug|x64.Build.0 = Debug|x64
		{EDA3BDC8-828F-302A-A865-CA10A19DDB60}.Release|x64.ActiveCfg = Release|x64
		{EDA3BDC8-828F-302A-A865-CA10A19DDB60}.Release|x64.Build.0 = Release|x64
		{EDA3BDC8-828F-302A-A865-CA10A19DDB60}.MinSizeRel|x64.ActiveCfg = MinSizeRel|x64
		{EDA3BDC8-828F-302A-A865-CA10A19DDB60}.MinSizeRel|x64.Build.0 = MinSizeRel|x64
		{EDA3BDC8-828F-302A-A865-CA10A19DDB60}.RelWithDebInfo|x64.ActiveCfg = RelWithDebInfo|x64
		{EDA3BDC8-828F-302A-A865-CA10A19DDB60}.RelWithDebInfo|x64.Build.0 = RelWithDebInfo|x64
		{2554CF29-41DA-36AC-B679-A5DDC03CCD95}.Debug|x64.ActiveCfg = Debug|x64
		{2554CF29-41DA-36AC-B679-A5DDC03CCD95}.Debug|x64.Build.0 = Debug|x64
		{2554CF29-41DA-36AC-B679-A5DDC03CCD95}.Release|x64.ActiveCfg = Release|x64
		{2554CF29-41DA-36AC-B679-A5DDC03CCD95}.Release|x64.Build.0 = Release|x64
		{2554CF29-41DA-36AC-B679-A5DDC03CCD95}.MinSizeRel|x64.ActiveCfg = MinSizeRel|x64
		{2554CF29-41DA-36AC-B679-A5DDC03CCD95}.MinSizeRel|x64.Build.0 = MinSizeRel|x64
		{2554CF29-41DA-36AC-B679-A5DDC03CCD95}.RelWithDebInfo|x64.ActiveCfg = RelWithDebInfo|x64
		{2554CF29-41DA-36AC-B679-A5DDC03CCD95}.RelWithDebInfo|x64.Build.0 = RelWithDebInfo|x64
		{84ADCFFD-6E20-38FC-96A2-666CAEDFD12A}.Debug|x64.ActiveCfg = Debug|x64
		{84ADCFFD-6E20-38FC-96A2-666CAEDFD12A}.Release|x64.ActiveCfg = Release|x64
		{84ADCFFD-6E20-38FC-96A2-666CAEDFD12A}.MinSizeRel|x64.ActiveCfg = MinSizeRel|x64
		{84ADCFFD-6E20-38FC-96A2-666CAEDFD12A}.RelWithDebInfo|x64.ActiveCfg = RelWithDebInfo|x64
	EndGlobalSection
	GlobalSection(NestedProjects) = preSolution
		{CBA67B85-68DD-3AA2-82B7-D596DD37D3A1} = {188FCDBC-1C6C-378D-8E24-9FD87A49CEF2}
		{BC9AE43B-A407-3AA8-A73E-951DA25C67DC} = {188FCDBC-1C6C-378D-8E24-9FD87A49CEF2}
		{6EFF8238-0D98-3029-968A-DA82C7150B8E} = {188FCDBC-1C6C-378D-8E24-9FD87A49CEF2}
		{CCD0BE2B-E391-3AB1-BADB-431C2B0D6AFA} = {188FCDBC-1C6C-378D-8E24-9FD87A49CEF2}
		{6CD0F969-9CEB-321F-B323-9FE01C278E86} = {E2EFAC30-AC1C-3860-B51C-12EF66198D92}
		{84ADCFFD-6E20-38FC-96A2-666CAEDFD12A} = {E2EFAC30-AC1C-3860-B51C-12EF66198D92}
	EndGlobalSection
	GlobalSection(ExtensibilityGlobals) = postSolution
		SolutionGuid = {B17BC025-4498-38D7-9BC4-D762948AE734}
	EndGlobalSection
	GlobalSection(ExtensibilityAddIns) = postSolution
	EndGlobalSection
EndGlobal
